
Microsoft Visual Studio Solution File, Format Version 12.00
# Visual Studio 15
VisualStudioVersion = 15.0.26430.16
MinimumVisualStudioVersion = 10.0.40219.1
Project("{FAE04EC0-301F-11D3-BF4B-00C04F79EFBC}") = "SOETools_web_app_net_core", "SOETools_web_app_net_core\SOETools_web_app_net_core.csproj", "{9FB4AF96-E04F-42DB-B8D9-7271CB483364}"
EndProject
Global
	GlobalSection(SolutionConfigurationPlatforms) = preSolution
		Debug|Any CPU = Debug|Any CPU
		Release|Any CPU = Release|Any CPU
	EndGlobalSection
	GlobalSection(ProjectConfigurationPlatforms) = postSolution
		{9FB4AF96-E04F-42DB-B8D9-7271CB483364}.Debug|Any CPU.ActiveCfg = Debug|Any CPU
		{9FB4AF96-E04F-42DB-B8D9-7271CB483364}.Debug|Any CPU.Build.0 = Debug|Any CPU
		{9FB4AF96-E04F-42DB-B8D9-7271CB483364}.Release|Any CPU.ActiveCfg = Release|Any CPU
		{9FB4AF96-E04F-42DB-B8D9-7271CB483364}.Release|Any CPU.Build.0 = Release|Any CPU
	EndGlobalSection
	GlobalSection(SolutionProperties) = preSolution
		HideSolutionNode = FALSE
	EndGlobalSection
EndGlobal
